{
	"name": "obsidian-sample-plugin",
	"version": "1.0.1",
	"lockfileVersion": 1,
	"requires": true,
	"dependencies": {
		"@babel/parser": {
			"version": "7.19.0",
			"resolved": "https://registry.npmmirror.com/@babel/parser/-/parser-7.19.0.tgz",
			"integrity": "sha512-74bEXKX2h+8rrfQUfsBfuZZHzsEs6Eql4pqy/T4Nn6Y9wNPggQOqD6z6pn5Bl8ZfysKouFZT/UXEH94ummEeQw=="
		},
		"@codemirror/language": {
			"version": "git+ssh://git@github.com/lishid/cm-language.git#073afd8e6bc4d8e5cf6170a50f9b668a98c39f1c",
			"from": "git+ssh://git@github.com/lishid/cm-language.git",
			"requires": {
				"@codemirror/state": "^6.0.0",
				"@codemirror/view": "^6.0.0",
				"@lezer/common": "^1.0.0",
				"@lezer/highlight": "^1.0.0",
				"@lezer/lr": "^1.0.0",
				"style-mod": "^4.0.0"
			}
		},
		"@codemirror/state": {
			"version": "6.1.1",
			"resolved": "https://registry.npmmirror.com/@codemirror/state/-/state-6.1.1.tgz",
			"integrity": "sha512-2s+aXsxmAwnR3Rd+JDHPG/1lw0YsA9PEwl7Re88gHJHGfxyfEzKBmsN4rr53RyPIR4lzbbhJX0DCq0WlqlBIRw=="
		},
		"@codemirror/view": {
			"version": "6.2.3",
			"resolved": "https://registry.npmmirror.com/@codemirror/view/-/view-6.2.3.tgz",
			"integrity": "sha512-cgN9gWS9+kv9+eOgVJWMrGUk4EwYKBZpuFYvxIlu4CmMye3+U+gMzuZhBgtPDOCbCp30hxFIOO0MENhGfnaC/g==",
			"requires": {
				"@codemirror/state": "^6.0.0",
				"style-mod": "^4.0.0",
				"w3c-keyname": "^2.2.4"
			}
		},
		"@css-render/plugin-bem": {
			"version": "0.15.11",
			"resolved": "https://registry.npmmirror.com/@css-render/plugin-bem/-/plugin-bem-0.15.11.tgz",
			"integrity": "sha512-Bn8qadYPIz5DhZ4obTGHOJzeziQH6kY0+Fk5AEvwuuy378SLwwvXuuoechLjBHcgKkPCM03Oo4dDSGP/6NMdyw==",
			"dev": true
		},
		"@css-render/vue3-ssr": {
			"version": "0.15.11",
			"resolved": "https://registry.npmmirror.com/@css-render/vue3-ssr/-/vue3-ssr-0.15.11.tgz",
			"integrity": "sha512-n+SuqLPbY30FUTM8slX75OaEG+c8XlTOFrAklekX2XQGvBbz9XdBE6hTEgGlV5kPcTMqTJeCG7Vzhs9/29VC7w==",
			"dev": true
		},
		"@emotion/hash": {
			"version": "0.8.0",
			"resolved": "https://registry.npmmirror.com/@emotion/hash/-/hash-0.8.0.tgz",
			"integrity": "sha512-kBJtf7PH6aWwZ6fka3zQ0p6SBYzx4fl1LoZXE2RrnYST9Xljm7WfKJrU4g/Xr3Beg72MLrp1AWNUmuYJTL7Cow==",
			"dev": true
		},
		"@juggle/resize-observer": {
			"version": "3.4.0",
			"resolved": "https://registry.npmmirror.com/@juggle/resize-observer/-/resize-observer-3.4.0.tgz",
			"integrity": "sha512-dfLbk+PwWvFzSxwk3n5ySL0hfBog779o8h68wK/7/APo/7cgyWp5jcXockbxdk5kFRkbeXWm4Fbi9FrdN381sA==",
			"dev": true
		},
		"@lezer/common": {
			"version": "1.0.1",
			"resolved": "https://registry.npmmirror.com/@lezer/common/-/common-1.0.1.tgz",
			"integrity": "sha512-8TR5++Q/F//tpDsLd5zkrvEX5xxeemafEaek7mUp7Y+bI8cKQXdSqhzTOBaOogETcMOVr0pT3BBPXp13477ciw=="
		},
		"@lezer/highlight": {
			"version": "1.0.0",
			"resolved": "https://registry.npmmirror.com/@lezer/highlight/-/highlight-1.0.0.tgz",
			"integrity": "sha512-nsCnNtim90UKsB5YxoX65v3GEIw3iCHw9RM2DtdgkiqAbKh9pCdvi8AWNwkYf10Lu6fxNhXPpkpHbW6mihhvJA==",
			"requires": {
				"@lezer/common": "^1.0.0"
			}
		},
		"@lezer/lr": {
			"version": "1.2.3",
			"resolved": "https://registry.npmmirror.com/@lezer/lr/-/lr-1.2.3.tgz",
			"integrity": "sha512-qpB7rBzH8f6Mzjv2AVZRahcm+2Cf7nbIH++uXbvVOL1yIRvVWQ3HAM/saeBLCyz/togB7LGo76qdJYL1uKQlqA==",
			"requires": {
				"@lezer/common": "^1.0.0"
			}
		},
		"@nodelib/fs.scandir": {
			"version": "2.1.5",
			"resolved": "https://registry.npmmirror.com/@nodelib/fs.scandir/-/fs.scandir-2.1.5.tgz",
			"integrity": "sha512-vq24Bq3ym5HEQm2NKCr3yXDwjc7vTsEThRDnkp2DK9p1uqLR+DHurm/NOTo0KG7HYHU7eppKZj3MyqYuMBf62g==",
			"dev": true,
			"requires": {
				"@nodelib/fs.stat": "2.0.5",
				"run-parallel": "^1.1.9"
			}
		},
		"@nodelib/fs.stat": {
			"version": "2.0.5",
			"resolved": "https://registry.npmmirror.com/@nodelib/fs.stat/-/fs.stat-2.0.5.tgz",
			"integrity": "sha512-RkhPPp2zrqDAQA/2jNhnztcPAlv64XdhIp7a7454A5ovI7Bukxgt7MX7udwAu3zg1DcpPU0rz3VV1SeaqvY4+A==",
			"dev": true
		},
		"@nodelib/fs.walk": {
			"version": "1.2.8",
			"resolved": "https://registry.npmmirror.com/@nodelib/fs.walk/-/fs.walk-1.2.8.tgz",
			"integrity": "sha512-oGB+UxlgWcgQkgwo8GcEGwemoTFt3FIO9ababBmaGwXIoBKZ+GTy0pP185beGg7Llih/NSHSV2XAs1lnznocSg==",
			"dev": true,
			"requires": {
				"@nodelib/fs.scandir": "2.1.5",
				"fastq": "^1.6.0"
			}
		},
		"@types/codemirror": {
			"version": "0.0.108",
			"resolved": "https://registry.npmmirror.com/@types/codemirror/-/codemirror-0.0.108.tgz",
			"integrity": "sha512-3FGFcus0P7C2UOGCNUVENqObEb4SFk+S8Dnxq7K6aIsLVs/vDtlangl3PEO0ykaKXyK56swVF6Nho7VsA44uhw==",
			"dev": true,
			"requires": {
				"@types/tern": "*"
			}
		},
		"@types/estree": {
			"version": "1.0.0",
			"resolved": "https://registry.npmmirror.com/@types/estree/-/estree-1.0.0.tgz",
			"integrity": "sha512-WulqXMDUTYAXCjZnk6JtIHPigp55cVtDgDrO2gHRwhyJto21+1zbVCtOYB2L1F9w4qCQ0rOGWBnBe0FNTiEJIQ==",
			"dev": true
		},
		"@types/json-schema": {
			"version": "7.0.11",
			"resolved": "https://registry.npmmirror.com/@types/json-schema/-/json-schema-7.0.11.tgz",
			"integrity": "sha512-wOuvG1SN4Us4rez+tylwwwCV1psiNVOkJeM3AUWUNWg/jDQY2+HE/444y5gc+jBmRqASOm2Oeh5c1axHobwRKQ==",
			"dev": true
		},
		"@types/linkify-it": {
			"version": "3.0.2",
			"resolved": "https://registry.npmmirror.com/@types/linkify-it/-/linkify-it-3.0.2.tgz",
			"integrity": "sha512-HZQYqbiFVWufzCwexrvh694SOim8z2d+xJl5UNamcvQFejLY/2YUtzXHYi3cHdI7PMlS8ejH2slRAOJQ32aNbA==",
			"dev": true
		},
		"@types/lodash": {
			"version": "4.14.184",
			"resolved": "https://registry.npmmirror.com/@types/lodash/-/lodash-4.14.184.tgz",
			"integrity": "sha512-RoZphVtHbxPZizt4IcILciSWiC6dcn+eZ8oX9IWEYfDMcocdd42f7NPI6fQj+6zI8y4E0L7gu2pcZKLGTRaV9Q==",
			"dev": true
		},
		"@types/lodash-es": {
			"version": "4.17.6",
			"resolved": "https://registry.npmmirror.com/@types/lodash-es/-/lodash-es-4.17.6.tgz",
			"integrity": "sha512-R+zTeVUKDdfoRxpAryaQNRKk3105Rrgx2CFRClIgRGaqDTdjsm8h6IYA8ir584W3ePzkZfst5xIgDwYrlh9HLg==",
			"dev": true,
			"requires": {
				"@types/lodash": "*"
			}
		},
		"@types/markdown-it": {
			"version": "12.2.3",
			"resolved": "https://registry.npmmirror.com/@types/markdown-it/-/markdown-it-12.2.3.tgz",
			"integrity": "sha512-GKMHFfv3458yYy+v/N8gjufHO6MSZKCOXpZc5GXIWWy8uldwfmPn98vp81gZ5f9SVw8YYBctgfJ22a2d7AOMeQ==",
			"dev": true,
			"requires": {
				"@types/linkify-it": "*",
				"@types/mdurl": "*"
			}
		},
		"@types/marked": {
			"version": "4.0.7",
			"resolved": "https://registry.npmmirror.com/@types/marked/-/marked-4.0.7.tgz",
			"integrity": "sha512-eEAhnz21CwvKVW+YvRvcTuFKNU9CV1qH+opcgVK3pIMI6YZzDm6gc8o2vHjldFk6MGKt5pueSB7IOpvpx5Qekw==",
			"dev": true
		},
		"@types/mdurl": {
			"version": "1.0.2",
			"resolved": "https://registry.npmmirror.com/@types/mdurl/-/mdurl-1.0.2.tgz",
			"integrity": "sha512-eC4U9MlIcu2q0KQmXszyn5Akca/0jrQmwDRgpAMJai7qBWq4amIQhZyNau4VYGtCeALvW1/NtjzJJ567aZxfKA==",
			"dev": true
		},
		"@types/node": {
			"version": "16.11.58",
			"resolved": "https://registry.npmmirror.com/@types/node/-/node-16.11.58.tgz",
			"integrity": "sha512-uMVxJ111wpHzkx/vshZFb6Qni3BOMnlWLq7q9jrwej7Yw/KvjsEbpxCCxw+hLKxexFMc8YmpG8J9tnEe/rKsIg==",
			"dev": true
		},
		"@types/tern": {
			"version": "0.23.4",
			"resolved": "https://registry.npmmirror.com/@types/tern/-/tern-0.23.4.tgz",
			"integrity": "sha512-JAUw1iXGO1qaWwEOzxTKJZ/5JxVeON9kvGZ/osgZaJImBnyjyn0cjovPsf6FNLmyGY8Vw9DoXZCMlfMkMwHRWg==",
			"dev": true,
			"requires": {
				"@types/estree": "*"
			}
		},
		"@typescript-eslint/eslint-plugin": {
			"version": "5.36.2",
			"resolved": "https://registry.npmmirror.com/@typescript-eslint/eslint-plugin/-/eslint-plugin-5.36.2.tgz",
			"integrity": "sha512-OwwR8LRwSnI98tdc2z7mJYgY60gf7I9ZfGjN5EjCwwns9bdTuQfAXcsjSB2wSQ/TVNYSGKf4kzVXbNGaZvwiXw==",
			"dev": true,
			"requires": {
				"@typescript-eslint/scope-manager": "5.36.2",
				"@typescript-eslint/type-utils": "5.36.2",
				"@typescript-eslint/utils": "5.36.2",
				"debug": "^4.3.4",
				"functional-red-black-tree": "^1.0.1",
				"ignore": "^5.2.0",
				"regexpp": "^3.2.0",
				"semver": "^7.3.7",
				"tsutils": "^3.21.0"
			}
		},
		"@typescript-eslint/parser": {
			"version": "5.36.2",
			"resolved": "https://registry.npmmirror.com/@typescript-eslint/parser/-/parser-5.36.2.tgz",
			"integrity": "sha512-qS/Kb0yzy8sR0idFspI9Z6+t7mqk/oRjnAYfewG+VN73opAUvmYL3oPIMmgOX6CnQS6gmVIXGshlb5RY/R22pA==",
			"dev": true,
			"requires": {
				"@typescript-eslint/scope-manager": "5.36.2",
				"@typescript-eslint/types": "5.36.2",
				"@typescript-eslint/typescript-estree": "5.36.2",
				"debug": "^4.3.4"
			}
		},
		"@typescript-eslint/scope-manager": {
			"version": "5.36.2",
			"resolved": "https://registry.npmmirror.com/@typescript-eslint/scope-manager/-/scope-manager-5.36.2.tgz",
			"integrity": "sha512-cNNP51L8SkIFSfce8B1NSUBTJTu2Ts4nWeWbFrdaqjmn9yKrAaJUBHkyTZc0cL06OFHpb+JZq5AUHROS398Orw==",
			"dev": true,
			"requires": {
				"@typescript-eslint/types": "5.36.2",
				"@typescript-eslint/visitor-keys": "5.36.2"
			}
		},
		"@typescript-eslint/type-utils": {
			"version": "5.36.2",
			"resolved": "https://registry.npmmirror.com/@typescript-eslint/type-utils/-/type-utils-5.36.2.tgz",
			"integrity": "sha512-rPQtS5rfijUWLouhy6UmyNquKDPhQjKsaKH0WnY6hl/07lasj8gPaH2UD8xWkePn6SC+jW2i9c2DZVDnL+Dokw==",
			"dev": true,
			"requires": {
				"@typescript-eslint/typescript-estree": "5.36.2",
				"@typescript-eslint/utils": "5.36.2",
				"debug": "^4.3.4",
				"tsutils": "^3.21.0"
			}
		},
		"@typescript-eslint/types": {
			"version": "5.36.2",
			"resolved": "https://registry.npmmirror.com/@typescript-eslint/types/-/types-5.36.2.tgz",
			"integrity": "sha512-9OJSvvwuF1L5eS2EQgFUbECb99F0mwq501w0H0EkYULkhFa19Qq7WFbycdw1PexAc929asupbZcgjVIe6OK/XQ==",
			"dev": true
		},
		"@typescript-eslint/typescript-estree": {
			"version": "5.36.2",
			"resolved": "https://registry.npmmirror.com/@typescript-eslint/typescript-estree/-/typescript-estree-5.36.2.tgz",
			"integrity": "sha512-8fyH+RfbKc0mTspfuEjlfqA4YywcwQK2Amcf6TDOwaRLg7Vwdu4bZzyvBZp4bjt1RRjQ5MDnOZahxMrt2l5v9w==",
			"dev": true,
			"requires": {
				"@typescript-eslint/types": "5.36.2",
				"@typescript-eslint/visitor-keys": "5.36.2",
				"debug": "^4.3.4",
				"globby": "^11.1.0",
				"is-glob": "^4.0.3",
				"semver": "^7.3.7",
				"tsutils": "^3.21.0"
			}
		},
		"@typescript-eslint/utils": {
			"version": "5.36.2",
			"resolved": "https://registry.npmmirror.com/@typescript-eslint/utils/-/utils-5.36.2.tgz",
			"integrity": "sha512-uNcopWonEITX96v9pefk9DC1bWMdkweeSsewJ6GeC7L6j2t0SJywisgkr9wUTtXk90fi2Eljj90HSHm3OGdGRg==",
			"dev": true,
			"requires": {
				"@types/json-schema": "^7.0.9",
				"@typescript-eslint/scope-manager": "5.36.2",
				"@typescript-eslint/types": "5.36.2",
				"@typescript-eslint/typescript-estree": "5.36.2",
				"eslint-scope": "^5.1.1",
				"eslint-utils": "^3.0.0"
			}
		},
		"@typescript-eslint/visitor-keys": {
			"version": "5.36.2",
			"resolved": "https://registry.npmmirror.com/@typescript-eslint/visitor-keys/-/visitor-keys-5.36.2.tgz",
			"integrity": "sha512-BtRvSR6dEdrNt7Net2/XDjbYKU5Ml6GqJgVfXT0CxTCJlnIqK7rAGreuWKMT2t8cFUT2Msv5oxw0GMRD7T5J7A==",
			"dev": true,
			"requires": {
				"@typescript-eslint/types": "5.36.2",
				"eslint-visitor-keys": "^3.3.0"
			}
		},
		"@vicons/material": {
			"version": "0.12.0",
			"resolved": "https://registry.npmmirror.com/@vicons/material/-/material-0.12.0.tgz",
			"integrity": "sha512-chv1CYAl8P32P3Ycwgd5+vw/OFNc2mtkKdb1Rw4T5IJmKy6GVDsoUKV3N2l208HATn7CCQphZtuPDdsm7K2kmA==",
			"dev": true
		},
		"@vicons/utils": {
			"version": "0.1.4",
			"resolved": "https://registry.npmmirror.com/@vicons/utils/-/utils-0.1.4.tgz",
			"integrity": "sha512-OHI19qVNN6i+uPQ+Y3f2s0dUxwsYnOCcKBW7XOU4yXXO1aU3ZoKpblCc3+4N0qmgoJs5rWKRAaMisipqEXJwAg==",
			"dev": true,
			"requires": {
				"@xicons/utils": "^0.1.4"
			}
		},
		"@vue/compiler-core": {
			"version": "3.2.39",
			"resolved": "https://registry.npmmirror.com/@vue/compiler-core/-/compiler-core-3.2.39.tgz",
			"integrity": "sha512-mf/36OWXqWn0wsC40nwRRGheR/qoID+lZXbIuLnr4/AngM0ov8Xvv8GHunC0rKRIkh60bTqydlqTeBo49rlbqw==",
			"requires": {
				"@babel/parser": "^7.16.4",
				"@vue/shared": "3.2.39",
				"estree-walker": "^2.0.2",
				"source-map": "^0.6.1"
			}
		},
		"@vue/compiler-dom": {
			"version": "3.2.39",
			"resolved": "https://registry.npmmirror.com/@vue/compiler-dom/-/compiler-dom-3.2.39.tgz",
			"integrity": "sha512-HMFI25Be1C8vLEEv1hgEO1dWwG9QQ8LTTPmCkblVJY/O3OvWx6r1+zsox5mKPMGvqYEZa6l8j+xgOfUspgo7hw==",
			"requires": {
				"@vue/compiler-core": "3.2.39",
				"@vue/shared": "3.2.39"
			}
		},
		"@vue/compiler-sfc": {
			"version": "3.2.39",
			"resolved": "https://registry.npmmirror.com/@vue/compiler-sfc/-/compiler-sfc-3.2.39.tgz",
			"integrity": "sha512-fqAQgFs1/BxTUZkd0Vakn3teKUt//J3c420BgnYgEOoVdTwYpBTSXCMJ88GOBCylmUBbtquGPli9tVs7LzsWIA==",
			"requires": {
				"@babel/parser": "^7.16.4",
				"@vue/compiler-core": "3.2.39",
				"@vue/compiler-dom": "3.2.39",
				"@vue/compiler-ssr": "3.2.39",
				"@vue/reactivity-transform": "3.2.39",
				"@vue/shared": "3.2.39",
				"estree-walker": "^2.0.2",
				"magic-string": "^0.25.7",
				"postcss": "^8.1.10",
				"source-map": "^0.6.1"
			}
		},
		"@vue/compiler-ssr": {
			"version": "3.2.39",
			"resolved": "https://registry.npmmirror.com/@vue/compiler-ssr/-/compiler-ssr-3.2.39.tgz",
			"integrity": "sha512-EoGCJ6lincKOZGW+0Ky4WOKsSmqL7hp1ZYgen8M7u/mlvvEQUaO9tKKOy7K43M9U2aA3tPv0TuYYQFrEbK2eFQ==",
			"requires": {
				"@vue/compiler-dom": "3.2.39",
				"@vue/shared": "3.2.39"
			}
		},
		"@vue/reactivity": {
			"version": "3.2.39",
			"resolved": "https://registry.npmmirror.com/@vue/reactivity/-/reactivity-3.2.39.tgz",
			"integrity": "sha512-vlaYX2a3qMhIZfrw3Mtfd+BuU+TZmvDrPMa+6lpfzS9k/LnGxkSuf0fhkP0rMGfiOHPtyKoU9OJJJFGm92beVQ==",
			"requires": {
				"@vue/shared": "3.2.39"
			}
		},
		"@vue/reactivity-transform": {
			"version": "3.2.39",
			"resolved": "https://registry.npmmirror.com/@vue/reactivity-transform/-/reactivity-transform-3.2.39.tgz",
			"integrity": "sha512-HGuWu864zStiWs9wBC6JYOP1E00UjMdDWIG5W+FpUx28hV3uz9ODOKVNm/vdOy/Pvzg8+OcANxAVC85WFBbl3A==",
			"requires": {
				"@babel/parser": "^7.16.4",
				"@vue/compiler-core": "3.2.39",
				"@vue/shared": "3.2.39",
				"estree-walker": "^2.0.2",
				"magic-string": "^0.25.7"
			}
		},
		"@vue/runtime-core": {
			"version": "3.2.39",
			"resolved": "https://registry.npmmirror.com/@vue/runtime-core/-/runtime-core-3.2.39.tgz",
			"integrity": "sha512-xKH5XP57JW5JW+8ZG1khBbuLakINTgPuINKL01hStWLTTGFOrM49UfCFXBcFvWmSbci3gmJyLl2EAzCaZWsx8g==",
			"requires": {
				"@vue/reactivity": "3.2.39",
				"@vue/shared": "3.2.39"
			}
		},
		"@vue/runtime-dom": {
			"version": "3.2.39",
			"resolved": "https://registry.npmmirror.com/@vue/runtime-dom/-/runtime-dom-3.2.39.tgz",
			"integrity": "sha512-4G9AEJP+sLhsqf5wXcyKVWQKUhI+iWfy0hWQgea+CpaTD7BR0KdQzvoQdZhwCY6B3oleSyNLkLAQwm0ya/wNoA==",
			"requires": {
				"@vue/runtime-core": "3.2.39",
				"@vue/shared": "3.2.39",
				"csstype": "^2.6.8"
			}
		},
		"@vue/server-renderer": {
			"version": "3.2.39",
			"resolved": "https://registry.npmmirror.com/@vue/server-renderer/-/server-renderer-3.2.39.tgz",
			"integrity": "sha512-1yn9u2YBQWIgytFMjz4f/t0j43awKytTGVptfd3FtBk76t1pd8mxbek0G/DrnjJhd2V7mSTb5qgnxMYt8Z5iSQ==",
			"requires": {
				"@vue/compiler-ssr": "3.2.39",
				"@vue/shared": "3.2.39"
			}
		},
		"@vue/shared": {
			"version": "3.2.39",
			"resolved": "https://registry.npmmirror.com/@vue/shared/-/shared-3.2.39.tgz",
			"integrity": "sha512-D3dl2ZB9qE6mTuWPk9RlhDeP1dgNRUKC3NJxji74A4yL8M2MwlhLKUC/49WHjrNzSPug58fWx/yFbaTzGAQSBw=="
		},
		"@xicons/utils": {
			"version": "0.1.4",
			"resolved": "https://registry.npmmirror.com/@xicons/utils/-/utils-0.1.4.tgz",
			"integrity": "sha512-uXxKDLz9abr80yJC05XSTq6wlyFcdW+N/1IYJkeHjzzXVc4VQ0sEYMoMMTjAH7HQBOyOkzOB4pf5NGF72lwa8Q==",
			"dev": true,
			"requires": {
				"css-render": "^0.13.2"
			}
		},
		"array-union": {
			"version": "2.1.0",
			"resolved": "https://registry.npmmirror.com/array-union/-/array-union-2.1.0.tgz",
			"integrity": "sha512-HGyxoOTYUyCM6stUe6EJgnd4EoewAI7zMdfqO+kGjnlZmBDz/cR5pf8r/cR4Wq60sL/p0IkcjUEEPwS3GFrIyw==",
			"dev": true
		},
		"async-validator": {
			"version": "4.2.5",
			"resolved": "https://registry.npmmirror.com/async-validator/-/async-validator-4.2.5.tgz",
			"integrity": "sha512-7HhHjtERjqlNbZtqNqy2rckN/SpOOlmDliet+lP7k+eKZEjPk3DgyeU9lIXLdeLz0uBbbVp+9Qdow9wJWgwwfg==",
			"dev": true
		},
		"braces": {
			"version": "3.0.2",
			"resolved": "https://registry.npmmirror.com/braces/-/braces-3.0.2.tgz",
			"integrity": "sha512-b8um+L1RzM3WDSzvhm6gIz1yfTbBt6YTlcEKAvsmqCZZFw46z626lVj9j1yEPW33H5H+lBQpZMP1k8l+78Ha0A==",
			"dev": true,
			"requires": {
				"fill-range": "^7.0.1"
			}
		},
		"builtin-modules": {
			"version": "3.3.0",
			"resolved": "https://registry.npmmirror.com/builtin-modules/-/builtin-modules-3.3.0.tgz",
			"integrity": "sha512-zhaCDicdLuWN5UbN5IMnFqNMhNfo919sH85y2/ea+5Yg9TsTkeZxpL+JLbp6cgYFS4sRLp3YV4S6yDuqVWHYOw==",
			"dev": true
		},
		"css-render": {
			"version": "0.13.9",
			"resolved": "https://registry.npmmirror.com/css-render/-/css-render-0.13.9.tgz",
			"integrity": "sha512-n3C4ZH59rveBrUlAD7n0Ze9/gUMKa4dlH1C9CWKpGcIHR/xRcIVXzBGy1iw8WWq2ySmn2/ZqOpySQNAK5Pb6sw==",
			"dev": true,
			"requires": {
				"@emotion/hash": "~0.8.0",
				"@types/node": "~14.14.31",
				"csstype": "~3.0.5"
			},
			"dependencies": {
				"@types/node": {
					"version": "14.14.45",
					"resolved": "https://registry.npmmirror.com/@types/node/-/node-14.14.45.tgz",
					"integrity": "sha512-DssMqTV9UnnoxDWu959sDLZzfvqCF0qDNRjaWeYSui9xkFe61kKo4l1TWNTQONpuXEm+gLMRvdlzvNHBamzmEw==",
					"dev": true
				},
				"csstype": {
					"version": "3.0.11",
					"resolved": "https://registry.npmmirror.com/csstype/-/csstype-3.0.11.tgz",
					"integrity": "sha512-sa6P2wJ+CAbgyy4KFssIb/JNMLxFvKF1pCYCSXS8ZMuqZnMsrxqI2E5sPyoTpxoPU/gVZMzr2zjOfg8GIZOMsw==",
					"dev": true
				}
			}
		},
		"csstype": {
			"version": "2.6.20",
			"resolved": "https://registry.npmmirror.com/csstype/-/csstype-2.6.20.tgz",
			"integrity": "sha512-/WwNkdXfckNgw6S5R125rrW8ez139lBHWouiBvX8dfMFtcn6V81REDqnH7+CRpRipfYlyU1CmOnOxrmGcFOjeA=="
		},
		"date-fns": {
			"version": "2.29.2",
			"resolved": "https://registry.npmmirror.com/date-fns/-/date-fns-2.29.2.tgz",
			"integrity": "sha512-0VNbwmWJDS/G3ySwFSJA3ayhbURMTJLtwM2DTxf9CWondCnh6DTNlO9JgRSq6ibf4eD0lfMJNBxUdEAHHix+bA==",
			"dev": true
		},
		"date-fns-tz": {
			"version": "1.3.7",
			"resolved": "https://registry.npmmirror.com/date-fns-tz/-/date-fns-tz-1.3.7.tgz",
			"integrity": "sha512-1t1b8zyJo+UI8aR+g3iqr5fkUHWpd58VBx8J/ZSQ+w7YrGlw80Ag4sA86qkfCXRBLmMc4I2US+aPMd4uKvwj5g==",
			"dev": true
		},
		"debug": {
			"version": "4.3.4",
			"resolved": "https://registry.npmmirror.com/debug/-/debug-4.3.4.tgz",
			"integrity": "sha512-PRWFHuSU3eDtQJPvnNY7Jcket1j0t5OuOsFzPPzsekD52Zl8qUfFIPEiswXqIvHWGVHOgX+7G/vCNNhehwxfkQ==",
			"dev": true,
			"requires": {
				"ms": "2.1.2"
			}
		},
		"dir-glob": {
			"version": "3.0.1",
			"resolved": "https://registry.npmmirror.com/dir-glob/-/dir-glob-3.0.1.tgz",
			"integrity": "sha512-WkrWp9GR4KXfKGYzOLmTuGVi1UWFfws377n9cc55/tb6DuqyF6pcQ5AbiHEshaDpY9v6oaSr2XCDidGmMwdzIA==",
			"dev": true,
			"requires": {
				"path-type": "^4.0.0"
			}
		},
		"esbuild": {
			"version": "0.13.12",
			"resolved": "https://registry.npmmirror.com/esbuild/-/esbuild-0.13.12.tgz",
			"integrity": "sha512-vTKKUt+yoz61U/BbrnmlG9XIjwpdIxmHB8DlPR0AAW6OdS+nBQBci6LUHU2q9WbBobMEIQxxDpKbkmOGYvxsow==",
			"dev": true,
			"requires": {
				"esbuild-android-arm64": "0.13.12",
				"esbuild-darwin-64": "0.13.12",
				"esbuild-darwin-arm64": "0.13.12",
				"esbuild-freebsd-64": "0.13.12",
				"esbuild-freebsd-arm64": "0.13.12",
				"esbuild-linux-32": "0.13.12",
				"esbuild-linux-64": "0.13.12",
				"esbuild-linux-arm": "0.13.12",
				"esbuild-linux-arm64": "0.13.12",
				"esbuild-linux-mips64le": "0.13.12",
				"esbuild-linux-ppc64le": "0.13.12",
				"esbuild-netbsd-64": "0.13.12",
				"esbuild-openbsd-64": "0.13.12",
				"esbuild-sunos-64": "0.13.12",
				"esbuild-windows-32": "0.13.12",
				"esbuild-windows-64": "0.13.12",
				"esbuild-windows-arm64": "0.13.12"
			}
		},
		"esbuild-android-arm64": {
			"version": "0.13.12",
			"resolved": "https://registry.npmmirror.com/esbuild-android-arm64/-/esbuild-android-arm64-0.13.12.tgz",
			"integrity": "sha512-TSVZVrb4EIXz6KaYjXfTzPyyRpXV5zgYIADXtQsIenjZ78myvDGaPi11o4ZSaHIwFHsuwkB6ne5SZRBwAQ7maw==",
			"dev": true,
			"optional": true
		},
		"esbuild-darwin-64": {
			"version": "0.13.12",
			"resolved": "https://registry.npmmirror.com/esbuild-darwin-64/-/esbuild-darwin-64-0.13.12.tgz",
			"integrity": "sha512-c51C+N+UHySoV2lgfWSwwmlnLnL0JWj/LzuZt9Ltk9ub1s2Y8cr6SQV5W3mqVH1egUceew6KZ8GyI4nwu+fhsw==",
			"dev": true,
			"optional": true
		},
		"esbuild-darwin-arm64": {
			"version": "0.13.12",
			"resolved": "https://registry.npmmirror.com/esbuild-darwin-arm64/-/esbuild-darwin-arm64-0.13.12.tgz",
			"integrity": "sha512-JvAMtshP45Hd8A8wOzjkY1xAnTKTYuP/QUaKp5eUQGX+76GIie3fCdUUr2ZEKdvpSImNqxiZSIMziEiGB5oUmQ==",
			"dev": true,
			"optional": true
		},
		"esbuild-freebsd-64": {
			"version": "0.13.12",
			"resolved": "https://registry.npmmirror.com/esbuild-freebsd-64/-/esbuild-freebsd-64-0.13.12.tgz",
			"integrity": "sha512-r6On/Skv9f0ZjTu6PW5o7pdXr8aOgtFOEURJZYf1XAJs0IQ+gW+o1DzXjVkIoT+n1cm3N/t1KRJfX71MPg/ZUA==",
			"dev": true,
			"optional": true
		},
		"esbuild-freebsd-arm64": {
			"version": "0.13.12",
			"resolved": "https://registry.npmmirror.com/esbuild-freebsd-arm64/-/esbuild-freebsd-arm64-0.13.12.tgz",
			"integrity": "sha512-F6LmI2Q1gii073kmBE3NOTt/6zLL5zvZsxNLF8PMAwdHc+iBhD1vzfI8uQZMJA1IgXa3ocr3L3DJH9fLGXy6Yw==",
			"dev": true,
			"optional": true
		},
		"esbuild-linux-32": {
			"version": "0.13.12",
			"resolved": "https://registry.npmmirror.com/esbuild-linux-32/-/esbuild-linux-32-0.13.12.tgz",
			"integrity": "sha512-U1UZwG3UIwF7/V4tCVAo/nkBV9ag5KJiJTt+gaCmLVWH3bPLX7y+fNlhIWZy8raTMnXhMKfaTvWZ9TtmXzvkuQ==",
			"dev": true,
			"optional": true
		},
		"esbuild-linux-64": {
			"version": "0.13.12",
			"resolved": "https://registry.npmmirror.com/esbuild-linux-64/-/esbuild-linux-64-0.13.12.tgz",
			"integrity": "sha512-YpXSwtu2NxN3N4ifJxEdsgd6Q5d8LYqskrAwjmoCT6yQnEHJSF5uWcxv783HWN7lnGpJi9KUtDvYsnMdyGw71Q==",
			"dev": true,
			"optional": true
		},
		"esbuild-linux-arm": {
			"version": "0.13.12",
			"resolved": "https://registry.npmmirror.com/esbuild-linux-arm/-/esbuild-linux-arm-0.13.12.tgz",
			"integrity": "sha512-SyiT/JKxU6J+DY2qUiSLZJqCAftIt3uoGejZ0HDnUM2MGJqEGSGh7p1ecVL2gna3PxS4P+j6WAehCwgkBPXNIw==",
			"dev": true,
			"optional": true
		},
		"esbuild-linux-arm64": {
			"version": "0.13.12",
			"resolved": "https://registry.npmmirror.com/esbuild-linux-arm64/-/esbuild-linux-arm64-0.13.12.tgz",
			"integrity": "sha512-sgDNb8kb3BVodtAlcFGgwk+43KFCYjnFOaOfJibXnnIojNWuJHpL6aQJ4mumzNWw8Rt1xEtDQyuGK9f+Y24jGA==",
			"dev": true,
			"optional": true
		},
		"esbuild-linux-mips64le": {
			"version": "0.13.12",
			"resolved": "https://registry.npmmirror.com/esbuild-linux-mips64le/-/esbuild-linux-mips64le-0.13.12.tgz",
			"integrity": "sha512-qQJHlZBG+QwVIA8AbTEtbvF084QgDi4DaUsUnA+EolY1bxrG+UyOuGflM2ZritGhfS/k7THFjJbjH2wIeoKA2g==",
			"dev": true,
			"optional": true
		},
		"esbuild-linux-ppc64le": {
			"version": "0.13.12",
			"resolved": "https://registry.npmmirror.com/esbuild-linux-ppc64le/-/esbuild-linux-ppc64le-0.13.12.tgz",
			"integrity": "sha512-2dSnm1ldL7Lppwlo04CGQUpwNn5hGqXI38OzaoPOkRsBRWFBozyGxTFSee/zHFS+Pdh3b28JJbRK3owrrRgWNw==",
			"dev": true,
			"optional": true
		},
		"esbuild-netbsd-64": {
			"version": "0.13.12",
			"resolved": "https://registry.npmmirror.com/esbuild-netbsd-64/-/esbuild-netbsd-64-0.13.12.tgz",
			"integrity": "sha512-D4raxr02dcRiQNbxOLzpqBzcJNFAdsDNxjUbKkDMZBkL54Z0vZh4LRndycdZAMcIdizC/l/Yp/ZsBdAFxc5nbA==",
			"dev": true,
			"optional": true
		},
		"esbuild-openbsd-64": {
			"version": "0.13.12",
			"resolved": "https://registry.npmmirror.com/esbuild-openbsd-64/-/esbuild-openbsd-64-0.13.12.tgz",
			"integrity": "sha512-KuLCmYMb2kh05QuPJ+va60bKIH5wHL8ypDkmpy47lzwmdxNsuySeCMHuTv5o2Af1RUn5KLO5ZxaZeq4GEY7DaQ==",
			"dev": true,
			"optional": true
		},
		"esbuild-plugin-vue3": {
			"version": "0.3.0",
			"resolved": "https://registry.npmmirror.com/esbuild-plugin-vue3/-/esbuild-plugin-vue3-0.3.0.tgz",
			"integrity": "sha512-b8ypadGLuxJ02cPUXn/2yKhwMsEQ/JZMO3lN871X12ZKigXymZStBCexVI4C7lr7lguxa+IpU94pRQ/BtInMsQ==",
			"dev": true,
			"requires": {
				"@vue/compiler-core": "^3.2.22",
				"@vue/compiler-sfc": "^3.2.22",
				"esbuild": "^0.12.22"
			},
			"dependencies": {
				"esbuild": {
					"version": "0.12.29",
					"resolved": "https://registry.npmmirror.com/esbuild/-/esbuild-0.12.29.tgz",
					"integrity": "sha512-w/XuoBCSwepyiZtIRsKsetiLDUVGPVw1E/R3VTFSecIy8UR7Cq3SOtwKHJMFoVqqVG36aGkzh4e8BvpO1Fdc7g==",
					"dev": true
				}
			}
		},
		"esbuild-sunos-64": {
			"version": "0.13.12",
			"resolved": "https://registry.npmmirror.com/esbuild-sunos-64/-/esbuild-sunos-64-0.13.12.tgz",
			"integrity": "sha512-jBsF+e0woK3miKI8ufGWKG3o3rY9DpHvCVRn5eburMIIE+2c+y3IZ1srsthKyKI6kkXLvV4Cf/E7w56kLipMXw==",
			"dev": true,
			"optional": true
		},
		"esbuild-windows-32": {
			"version": "0.13.12",
			"resolved": "https://registry.npmmirror.com/esbuild-windows-32/-/esbuild-windows-32-0.13.12.tgz",
			"integrity": "sha512-L9m4lLFQrFeR7F+eLZXG82SbXZfUhyfu6CexZEil6vm+lc7GDCE0Q8DiNutkpzjv1+RAbIGVva9muItQ7HVTkQ==",
			"dev": true,
			"optional": true
		},
		"esbuild-windows-64": {
			"version": "0.13.12",
			"resolved": "https://registry.npmmirror.com/esbuild-windows-64/-/esbuild-windows-64-0.13.12.tgz",
			"integrity": "sha512-k4tX4uJlSbSkfs78W5d9+I9gpd+7N95W7H2bgOMFPsYREVJs31+Q2gLLHlsnlY95zBoPQMIzHooUIsixQIBjaQ==",
			"dev": true,
			"optional": true
		},
		"esbuild-windows-arm64": {
			"version": "0.13.12",
			"resolved": "https://registry.npmmirror.com/esbuild-windows-arm64/-/esbuild-windows-arm64-0.13.12.tgz",
			"integrity": "sha512-2tTv/BpYRIvuwHpp2M960nG7uvL+d78LFW/ikPItO+2GfK51CswIKSetSpDii+cjz8e9iSPgs+BU4o8nWICBwQ==",
			"dev": true,
			"optional": true
		},
		"eslint-scope": {
			"version": "5.1.1",
			"resolved": "https://registry.npmmirror.com/eslint-scope/-/eslint-scope-5.1.1.tgz",
			"integrity": "sha512-2NxwbF/hZ0KpepYN0cNbo+FN6XoK7GaHlQhgx/hIZl6Va0bF45RQOOwhLIy8lQDbuCiadSLCBnH2CFYquit5bw==",
			"dev": true,
			"requires": {
				"esrecurse": "^4.3.0",
				"estraverse": "^4.1.1"
			}
		},
		"eslint-utils": {
			"version": "3.0.0",
			"resolved": "https://registry.npmmirror.com/eslint-utils/-/eslint-utils-3.0.0.tgz",
			"integrity": "sha512-uuQC43IGctw68pJA1RgbQS8/NP7rch6Cwd4j3ZBtgo4/8Flj4eGE7ZYSZRN3iq5pVUv6GPdW5Z1RFleo84uLDA==",
			"dev": true,
			"requires": {
				"eslint-visitor-keys": "^2.0.0"
			},
			"dependencies": {
				"eslint-visitor-keys": {
					"version": "2.1.0",
					"resolved": "https://registry.npmmirror.com/eslint-visitor-keys/-/eslint-visitor-keys-2.1.0.tgz",
					"integrity": "sha512-0rSmRBzXgDzIsD6mGdJgevzgezI534Cer5L/vyMX0kHzT/jiB43jRhd9YUlMGYLQy2zprNmoT8qasCGtY+QaKw==",
					"dev": true
				}
			}
		},
		"eslint-visitor-keys": {
			"version": "3.3.0",
			"resolved": "https://registry.npmmirror.com/eslint-visitor-keys/-/eslint-visitor-keys-3.3.0.tgz",
			"integrity": "sha512-mQ+suqKJVyeuwGYHAdjMFqjCyfl8+Ldnxuyp3ldiMBFKkvytrXUZWaiPCEav8qDHKty44bD+qV1IP4T+w+xXRA==",
			"dev": true
		},
		"esrecurse": {
			"version": "4.3.0",
			"resolved": "https://registry.npmmirror.com/esrecurse/-/esrecurse-4.3.0.tgz",
			"integrity": "sha512-KmfKL3b6G+RXvP8N1vr3Tq1kL/oCFgn2NYXEtqP8/L3pKapUA4G8cFVaoF3SU323CD4XypR/ffioHmkti6/Tag==",
			"dev": true,
			"requires": {
				"estraverse": "^5.2.0"
			},
			"dependencies": {
				"estraverse": {
					"version": "5.3.0",
					"resolved": "https://registry.npmmirror.com/estraverse/-/estraverse-5.3.0.tgz",
					"integrity": "sha512-MMdARuVEQziNTeJD8DgMqmhwR11BRQ/cBP+pLtYdSTnf3MIO8fFeiINEbX36ZdNlfU/7A9f3gUw49B3oQsvwBA==",
					"dev": true
				}
			}
		},
		"estraverse": {
			"version": "4.3.0",
			"resolved": "https://registry.npmmirror.com/estraverse/-/estraverse-4.3.0.tgz",
			"integrity": "sha512-39nnKffWz8xN1BU/2c79n9nB9HDzo0niYUqx6xyqUnyoAnQyyWpOTdZEeiCch8BBu515t4wp9ZmgVfVhn9EBpw==",
			"dev": true
		},
		"estree-walker": {
			"version": "2.0.2",
			"resolved": "https://registry.npmmirror.com/estree-walker/-/estree-walker-2.0.2.tgz",
			"integrity": "sha512-Rfkk/Mp/DL7JVje3u18FxFujQlTNR2q6QfMSMB7AvCBx91NGj/ba3kCfza0f6dVDbw7YlRf/nDrn7pQrCCyQ/w=="
		},
		"evtd": {
			"version": "0.2.4",
			"resolved": "https://registry.npmmirror.com/evtd/-/evtd-0.2.4.tgz",
			"integrity": "sha512-qaeGN5bx63s/AXgQo8gj6fBkxge+OoLddLniox5qtLAEY5HSnuSlISXVPxnSae1dWblvTh4/HoMIB+mbMsvZzw==",
			"dev": true
		},
		"fast-glob": {
			"version": "3.2.12",
			"resolved": "https://registry.npmmirror.com/fast-glob/-/fast-glob-3.2.12.tgz",
			"integrity": "sha512-DVj4CQIYYow0BlaelwK1pHl5n5cRSJfM60UA0zK891sVInoPri2Ekj7+e1CT3/3qxXenpI+nBBmQAcJPJgaj4w==",
			"dev": true,
			"requires": {
				"@nodelib/fs.stat": "^2.0.2",
				"@nodelib/fs.walk": "^1.2.3",
				"glob-parent": "^5.1.2",
				"merge2": "^1.3.0",
				"micromatch": "^4.0.4"
			}
		},
		"fastq": {
			"version": "1.13.0",
			"resolved": "https://registry.npmmirror.com/fastq/-/fastq-1.13.0.tgz",
			"integrity": "sha512-YpkpUnK8od0o1hmeSc7UUs/eB/vIPWJYjKck2QKIzAf71Vm1AAQ3EbuZB3g2JIy+pg+ERD0vqI79KyZiB2e2Nw==",
			"dev": true,
			"requires": {
				"reusify": "^1.0.4"
			}
		},
		"fill-range": {
			"version": "7.0.1",
			"resolved": "https://registry.npmmirror.com/fill-range/-/fill-range-7.0.1.tgz",
			"integrity": "sha512-qOo9F+dMUmC2Lcb4BbVvnKJxTPjCm+RRpe4gDuGrzkL7mEVl/djYSu2OdQ2Pa302N4oqkSg9ir6jaLWJ2USVpQ==",
			"dev": true,
			"requires": {
				"to-regex-range": "^5.0.1"
			}
		},
		"functional-red-black-tree": {
			"version": "1.0.1",
			"resolved": "https://registry.npmmirror.com/functional-red-black-tree/-/functional-red-black-tree-1.0.1.tgz",
			"integrity": "sha512-dsKNQNdj6xA3T+QlADDA7mOSlX0qiMINjn0cgr+eGHGsbSHzTabcIogz2+p/iqP1Xs6EP/sS2SbqH+brGTbq0g==",
			"dev": true
		},
		"glob-parent": {
			"version": "5.1.2",
			"resolved": "https://registry.npmmirror.com/glob-parent/-/glob-parent-5.1.2.tgz",
			"integrity": "sha512-AOIgSQCepiJYwP3ARnGx+5VnTu2HBYdzbGP45eLw1vr3zB3vZLeyed1sC9hnbcOc9/SrMyM5RPQrkGz4aS9Zow==",
			"dev": true,
			"requires": {
				"is-glob": "^4.0.1"
			}
		},
		"globby": {
			"version": "11.1.0",
			"resolved": "https://registry.npmmirror.com/globby/-/globby-11.1.0.tgz",
			"integrity": "sha512-jhIXaOzy1sb8IyocaruWSn1TjmnBVs8Ayhcy83rmxNJ8q2uWKCAj3CnJY+KpGSXCueAPc0i05kVvVKtP1t9S3g==",
			"dev": true,
			"requires": {
				"array-union": "^2.1.0",
				"dir-glob": "^3.0.1",
				"fast-glob": "^3.2.9",
				"ignore": "^5.2.0",
				"merge2": "^1.4.1",
				"slash": "^3.0.0"
			}
		},
		"hash-sum": {
			"version": "2.0.0",
			"resolved": "https://registry.npmmirror.com/hash-sum/-/hash-sum-2.0.0.tgz",
			"integrity": "sha512-WdZTbAByD+pHfl/g9QSsBIIwy8IT+EsPiKDs0KNX+zSHhdDLFKdZu0BQHljvO+0QI/BasbMSUa8wYNCZTvhslg==",
			"dev": true
		},
		"highlight.js": {
			"version": "11.6.0",
			"resolved": "https://registry.npmmirror.com/highlight.js/-/highlight.js-11.6.0.tgz",
			"integrity": "sha512-ig1eqDzJaB0pqEvlPVIpSSyMaO92bH1N2rJpLMN/nX396wTpDA4Eq0uK+7I/2XG17pFaaKE0kjV/XPeGt7Evjw==",
			"dev": true
		},
		"ignore": {
			"version": "5.2.0",
			"resolved": "https://registry.npmmirror.com/ignore/-/ignore-5.2.0.tgz",
			"integrity": "sha512-CmxgYGiEPCLhfLnpPp1MoRmifwEIOgjcHXxOBjv7mY96c+eWScsOP9c112ZyLdWHi0FxHjI+4uVhKYp/gcdRmQ==",
			"dev": true
		},
		"is-extglob": {
			"version": "2.1.1",
			"resolved": "https://registry.npmmirror.com/is-extglob/-/is-extglob-2.1.1.tgz",
			"integrity": "sha512-SbKbANkN603Vi4jEZv49LeVJMn4yGwsbzZworEoyEiutsN3nJYdbO36zfhGJ6QEDpOZIFkDtnq5JRxmvl3jsoQ==",
			"dev": true
		},
		"is-glob": {
			"version": "4.0.3",
			"resolved": "https://registry.npmmirror.com/is-glob/-/is-glob-4.0.3.tgz",
			"integrity": "sha512-xelSayHH36ZgE7ZWhli7pW34hNbNl8Ojv5KVmkJD4hBdD3th8Tfk9vYasLM+mXWOZhFkgZfxhLSnrwRr4elSSg==",
			"dev": true,
			"requires": {
				"is-extglob": "^2.1.1"
			}
		},
		"is-number": {
			"version": "7.0.0",
			"resolved": "https://registry.npmmirror.com/is-number/-/is-number-7.0.0.tgz",
			"integrity": "sha512-41Cifkg6e8TylSpdtTpeLVMqvSBEVzTttHvERD741+pnZ8ANv0004MRL43QKPDlK9cGvNp6NZWZUBlbGXYxxng==",
			"dev": true
		},
		"lodash": {
			"version": "4.17.21",
			"resolved": "https://registry.npmmirror.com/lodash/-/lodash-4.17.21.tgz",
			"integrity": "sha512-v2kDEe57lecTulaDIuNTPy3Ry4gLGJ6Z1O3vE1krgXZNrsQ+LFTGHVxVjcXPs17LhbZVGedAJv8XZ1tvj5FvSg==",
			"dev": true
		},
		"lodash-es": {
			"version": "4.17.21",
			"resolved": "https://registry.npmmirror.com/lodash-es/-/lodash-es-4.17.21.tgz",
			"integrity": "sha512-mKnC+QJ9pWVzv+C4/U3rRsHapFfHvQFoFB92e52xeyGMcX6/OlIl78je1u8vePzYZSkkogMPJ2yjxxsb89cxyw==",
			"dev": true
		},
		"lru-cache": {
			"version": "6.0.0",
			"resolved": "https://registry.npmmirror.com/lru-cache/-/lru-cache-6.0.0.tgz",
			"integrity": "sha512-Jo6dJ04CmSjuznwJSS3pUeWmd/H0ffTlkXXgwZi+eq1UCmqQwCh+eLsYOYCwY991i2Fah4h1BEMCx4qThGbsiA==",
			"dev": true,
			"requires": {
				"yallist": "^4.0.0"
			}
		},
		"magic-string": {
			"version": "0.25.9",
			"resolved": "https://registry.npmmirror.com/magic-string/-/magic-string-0.25.9.tgz",
			"integrity": "sha512-RmF0AsMzgt25qzqqLc1+MbHmhdx0ojF2Fvs4XnOqz2ZOBXzzkEwc/dJQZCYHAn7v1jbVOjAZfK8msRn4BxO4VQ==",
			"requires": {
				"sourcemap-codec": "^1.4.8"
			}
		},
		"marked": {
			"version": "4.1.0",
			"resolved": "https://registry.npmmirror.com/marked/-/marked-4.1.0.tgz",
			"integrity": "sha512-+Z6KDjSPa6/723PQYyc1axYZpYYpDnECDaU6hkaf5gqBieBkMKYReL5hteF2QizhlMbgbo8umXl/clZ67+GlsA=="
		},
		"merge2": {
			"version": "1.4.1",
			"resolved": "https://registry.npmmirror.com/merge2/-/merge2-1.4.1.tgz",
			"integrity": "sha512-8q7VEgMJW4J8tcfVPy8g09NcQwZdbwFEqhe/WZkoIzjn/3TGDwtOCYtXGxA3O8tPzpczCCDgv+P2P5y00ZJOOg==",
			"dev": true
		},
		"micromatch": {
			"version": "4.0.5",
			"resolved": "https://registry.npmmirror.com/micromatch/-/micromatch-4.0.5.tgz",
			"integrity": "sha512-DMy+ERcEW2q8Z2Po+WNXuw3c5YaUSFjAO5GsJqfEl7UjvtIuFKO6ZrKvcItdy98dwFI2N1tg3zNIdKaQT+aNdA==",
			"dev": true,
			"requires": {
				"braces": "^3.0.2",
				"picomatch": "^2.3.1"
			}
		},
		"moment": {
			"version": "2.29.4",
			"resolved": "https://registry.npmmirror.com/moment/-/moment-2.29.4.tgz",
			"integrity": "sha512-5LC9SOxjSc2HF6vO2CyuTDNivEdoz2IvyJJGj6X8DJ0eFyfszE0QiEd+iXmBvUP3WHxSjFH/vIsA0EN00cgr8w==",
			"dev": true
		},
		"ms": {
			"version": "2.1.2",
			"resolved": "https://registry.npmmirror.com/ms/-/ms-2.1.2.tgz",
			"integrity": "sha512-sGkPx+VjMtmA6MX27oA4FBFELFCZZ4S4XqeGOXCv68tT+jb3vk/RyaKWP0PTKyWtmLSM0b+adUTEvbs1PEaH2w==",
			"dev": true
		},
		"naive-ui": {
			"version": "2.33.2",
			"resolved": "https://registry.npmmirror.com/naive-ui/-/naive-ui-2.33.2.tgz",
			"integrity": "sha512-XT18dOE7dK15xedO9MlrPsD3AXBKncr0lqlsxakHl/DckqOaAbdA7yxDl/qtVTBC+1Rlf29cFP/th7P7DSy5zg==",
			"dev": true,
			"requires": {
				"@css-render/plugin-bem": "^0.15.10",
				"@css-render/vue3-ssr": "^0.15.10",
				"@types/lodash": "^4.14.181",
				"@types/lodash-es": "^4.17.6",
				"async-validator": "^4.0.7",
				"css-render": "^0.15.10",
				"date-fns": "^2.28.0",
				"date-fns-tz": "^1.3.3",
				"evtd": "^0.2.4",
				"highlight.js": "^11.5.0",
				"lodash": "^4.17.21",
				"lodash-es": "^4.17.21",
				"seemly": "^0.3.6",
				"treemate": "^0.3.11",
				"vdirs": "^0.1.8",
				"vooks": "^0.2.12",
				"vueuc": "^0.4.47"
			},
			"dependencies": {
				"@types/node": {
					"version": "17.0.45",
					"resolved": "https://registry.npmmirror.com/@types/node/-/node-17.0.45.tgz",
					"integrity": "sha512-w+tIMs3rq2afQdsPJlODhoUEKzFP1ayaoyl1CcnwtIlsVe7K7bA1NGm4s3PraqTLlXnbIN84zuBlxBWo1u9BLw==",
					"dev": true
				},
				"css-render": {
					"version": "0.15.11",
					"resolved": "https://registry.npmmirror.com/css-render/-/css-render-0.15.11.tgz",
					"integrity": "sha512-hnLrHPUndVUTF5nmNPRey6hpixK02IPUGdEsm2xRjvJuewToyrVFx9Nmai8rgfVzhTFo5SJVh2PHAtzaIV8JKw==",
					"dev": true,
					"requires": {
						"@emotion/hash": "~0.8.0",
						"@types/node": "~17.0.5",
						"csstype": "~3.0.5"
					}
				},
				"csstype": {
					"version": "3.0.11",
					"resolved": "https://registry.npmmirror.com/csstype/-/csstype-3.0.11.tgz",
					"integrity": "sha512-sa6P2wJ+CAbgyy4KFssIb/JNMLxFvKF1pCYCSXS8ZMuqZnMsrxqI2E5sPyoTpxoPU/gVZMzr2zjOfg8GIZOMsw==",
					"dev": true
				}
			}
		},
		"nanoid": {
			"version": "3.3.4",
			"resolved": "https://registry.npmmirror.com/nanoid/-/nanoid-3.3.4.tgz",
			"integrity": "sha512-MqBkQh/OHTS2egovRtLk45wEyNXwF+cokD+1YPf9u5VfJiRdAiRwB2froX5Co9Rh20xs4siNPm8naNotSD6RBw=="
		},
		"obsidian": {
			"version": "0.15.9",
			"resolved": "https://registry.npmmirror.com/obsidian/-/obsidian-0.15.9.tgz",
			"integrity": "sha512-w3JL/IM3/U61rjFSFIFDSv+pcHn3mH1EIRN40kBkC/lGYqjFSPbr6daQe08QkskBz/GAYIeBoaKQIcgU9vV3LQ==",
			"dev": true,
			"requires": {
				"@types/codemirror": "0.0.108",
				"moment": "2.29.4"
			}
		},
		"path-type": {
			"version": "4.0.0",
			"resolved": "https://registry.npmmirror.com/path-type/-/path-type-4.0.0.tgz",
			"integrity": "sha512-gDKb8aZMDeD/tZWs9P6+q0J9Mwkdl6xMV8TjnGP3qJVJ06bdMgkbBlLU8IdfOsIsFz2BW1rNVT3XuNEl8zPAvw==",
			"dev": true
		},
		"picocolors": {
			"version": "1.0.0",
			"resolved": "https://registry.npmmirror.com/picocolors/-/picocolors-1.0.0.tgz",
			"integrity": "sha512-1fygroTLlHu66zi26VoTDv8yRgm0Fccecssto+MhsZ0D/DGW2sm8E8AjW7NU5VVTRt5GxbeZ5qBuJr+HyLYkjQ=="
		},
		"picomatch": {
			"version": "2.3.1",
			"resolved": "https://registry.npmmirror.com/picomatch/-/picomatch-2.3.1.tgz",
			"integrity": "sha512-JU3teHTNjmE2VCGFzuY8EXzCDVwEqB2a8fsIvwaStHhAWJEeVd1o1QD80CU6+ZdEXXSLbSsuLwJjkCBWqRQUVA==",
			"dev": true
		},
		"postcss": {
			"version": "8.4.16",
			"resolved": "https://registry.npmmirror.com/postcss/-/postcss-8.4.16.tgz",
			"integrity": "sha512-ipHE1XBvKzm5xI7hiHCZJCSugxvsdq2mPnsq5+UF+VHCjiBvtDrlxJfMBToWaP9D5XlgNmcFGqoHmUn0EYEaRQ==",
			"requires": {
				"nanoid": "^3.3.4",
				"picocolors": "^1.0.0",
				"source-map-js": "^1.0.2"
			}
		},
		"queue-microtask": {
			"version": "1.2.3",
			"resolved": "https://registry.npmmirror.com/queue-microtask/-/queue-microtask-1.2.3.tgz",
			"integrity": "sha512-NuaNSa6flKT5JaSYQzJok04JzTL1CA6aGhv5rfLW3PgqA+M2ChpZQnAC8h8i4ZFkBS8X5RqkDBHA7r4hej3K9A==",
			"dev": true
		},
		"regexpp": {
			"version": "3.2.0",
			"resolved": "https://registry.npmmirror.com/regexpp/-/regexpp-3.2.0.tgz",
			"integrity": "sha512-pq2bWo9mVD43nbts2wGv17XLiNLya+GklZ8kaDLV2Z08gDCsGpnKn9BFMepvWuHCbyVvY7J5o5+BVvoQbmlJLg==",
			"dev": true
		},
		"reusify": {
			"version": "1.0.4",
			"resolved": "https://registry.npmmirror.com/reusify/-/reusify-1.0.4.tgz",
			"integrity": "sha512-U9nH88a3fc/ekCF1l0/UP1IosiuIjyTh7hBvXVMHYgVcfGvt897Xguj2UOLDeI5BG2m7/uwyaLVT6fbtCwTyzw==",
			"dev": true
		},
		"run-parallel": {
			"version": "1.2.0",
			"resolved": "https://registry.npmmirror.com/run-parallel/-/run-parallel-1.2.0.tgz",
			"integrity": "sha512-5l4VyZR86LZ/lDxZTR6jqL8AFE2S0IFLMP26AbjsLVADxHdhB/c0GUsH+y39UfCi3dzz8OlQuPmnaJOMoDHQBA==",
			"dev": true,
			"requires": {
				"queue-microtask": "^1.2.2"
			}
		},
		"seemly": {
			"version": "0.3.6",
			"resolved": "https://registry.npmmirror.com/seemly/-/seemly-0.3.6.tgz",
			"integrity": "sha512-lEV5VB8BUKTo/AfktXJcy+JeXns26ylbMkIUco8CYREsQijuz4mrXres2Q+vMLdwkuLxJdIPQ8IlCIxLYm71Yw==",
			"dev": true
		},
		"semver": {
			"version": "7.3.7",
			"resolved": "https://registry.npmmirror.com/semver/-/semver-7.3.7.tgz",
			"integrity": "sha512-QlYTucUYOews+WeEujDoEGziz4K6c47V/Bd+LjSSYcA94p+DmINdf7ncaUinThfvZyu13lN9OY1XDxt8C0Tw0g==",
			"dev": true,
			"requires": {
				"lru-cache": "^6.0.0"
			}
		},
		"slash": {
			"version": "3.0.0",
			"resolved": "https://registry.npmmirror.com/slash/-/slash-3.0.0.tgz",
			"integrity": "sha512-g9Q1haeby36OSStwb4ntCGGGaKsaVSjQ68fBxoQcutl5fS1vuY18H3wSt3jFyFtrkx+Kz0V1G85A4MyAdDMi2Q==",
			"dev": true
		},
		"source-map": {
			"version": "0.6.1",
			"resolved": "https://registry.npmmirror.com/source-map/-/source-map-0.6.1.tgz",
			"integrity": "sha512-UjgapumWlbMhkBgzT7Ykc5YXUT46F0iKu8SGXq0bcwP5dz/h0Plj6enJqjz1Zbq2l5WaqYnrVbwWOWMyF3F47g=="
		},
		"source-map-js": {
			"version": "1.0.2",
			"resolved": "https://registry.npmmirror.com/source-map-js/-/source-map-js-1.0.2.tgz",
			"integrity": "sha512-R0XvVJ9WusLiqTCEiGCmICCMplcCkIwwR11mOSD9CR5u+IXYdiseeEuXCVAjS54zqwkLcPNnmU4OeJ6tUrWhDw=="
		},
		"sourcemap-codec": {
			"version": "1.4.8",
			"resolved": "https://registry.npmmirror.com/sourcemap-codec/-/sourcemap-codec-1.4.8.tgz",
			"integrity": "sha512-9NykojV5Uih4lgo5So5dtw+f0JgJX30KCNI8gwhz2J9A15wD0Ml6tjHKwf6fTSa6fAdVBdZeNOs9eJ71qCk8vA=="
		},
		"style-mod": {
			"version": "4.0.0",
			"resolved": "https://registry.npmmirror.com/style-mod/-/style-mod-4.0.0.tgz",
			"integrity": "sha512-OPhtyEjyyN9x3nhPsu76f52yUGXiZcgvsrFVtvTkyGRQJ0XK+GPc6ov1z+lRpbeabka+MYEQxOYRnt5nF30aMw=="
		},
		"to-regex-range": {
			"version": "5.0.1",
			"resolved": "https://registry.npmmirror.com/to-regex-range/-/to-regex-range-5.0.1.tgz",
			"integrity": "sha512-65P7iz6X5yEr1cwcgvQxbbIw7Uk3gOy5dIdtZ4rDveLqhrdJP+Li/Hx6tyK0NEb+2GCyneCMJiGqrADCSNk8sQ==",
			"dev": true,
			"requires": {
				"is-number": "^7.0.0"
			}
		},
		"treemate": {
			"version": "0.3.11",
			"resolved": "https://registry.npmmirror.com/treemate/-/treemate-0.3.11.tgz",
			"integrity": "sha512-M8RGFoKtZ8dF+iwJfAJTOH/SM4KluKOKRJpjCMhI8bG3qB74zrFoArKZ62ll0Fr3mqkMJiQOmWYkdYgDeITYQg==",
			"dev": true
		},
		"tslib": {
			"version": "2.3.1",
			"resolved": "https://registry.npmmirror.com/tslib/-/tslib-2.3.1.tgz",
			"integrity": "sha512-77EbyPPpMz+FRFRuAFlWMtmgUWGe9UOG2Z25NqCwiIjRhOf5iKGuzSe5P2w1laq+FkRy4p+PCuVkJSGkzTEKVw==",
			"dev": true
		},
		"tsutils": {
			"version": "3.21.0",
			"resolved": "https://registry.npmmirror.com/tsutils/-/tsutils-3.21.0.tgz",
			"integrity": "sha512-mHKK3iUXL+3UF6xL5k0PEhKRUBKPBCv/+RkEOpjRWxxx27KKRBmmA60A9pgOUvMi8GKhRMPEmjBRPzs2W7O1OA==",
			"dev": true,
			"requires": {
				"tslib": "^1.8.1"
			},
			"dependencies": {
				"tslib": {
					"version": "1.14.1",
					"resolved": "https://registry.npmmirror.com/tslib/-/tslib-1.14.1.tgz",
					"integrity": "sha512-Xni35NKzjgMrwevysHTCArtLDpPvye8zV/0E4EyYn43P7/7qvQwPh9BGkHewbMulVntbigmcT7rdX3BNo9wRJg==",
					"dev": true
				}
			}
		},
		"typescript": {
			"version": "4.4.4",
			"resolved": "https://registry.npmmirror.com/typescript/-/typescript-4.4.4.tgz",
			"integrity": "sha512-DqGhF5IKoBl8WNf8C1gu8q0xZSInh9j1kJJMqT3a94w1JzVaBU4EXOSMrz9yDqMT0xt3selp83fuFMQ0uzv6qA==",
			"dev": true
		},
		"vdirs": {
			"version": "0.1.8",
			"resolved": "https://registry.npmmirror.com/vdirs/-/vdirs-0.1.8.tgz",
			"integrity": "sha512-H9V1zGRLQZg9b+GdMk8MXDN2Lva0zx72MPahDKc30v+DtwKjfyOSXWRIX4t2mhDubM1H09gPhWeth/BJWPHGUw==",
			"dev": true,
			"requires": {
				"evtd": "^0.2.2"
			}
		},
		"vooks": {
			"version": "0.2.12",
			"resolved": "https://registry.npmmirror.com/vooks/-/vooks-0.2.12.tgz",
			"integrity": "sha512-iox0I3RZzxtKlcgYaStQYKEzWWGAduMmq+jS7OrNdQo1FgGfPMubGL3uGHOU9n97NIvfFDBGnpSvkWyb/NSn/Q==",
			"dev": true,
			"requires": {
				"evtd": "^0.2.2"
			}
		},
		"vue": {
			"version": "3.2.39",
			"resolved": "https://registry.npmmirror.com/vue/-/vue-3.2.39.tgz",
			"integrity": "sha512-tRkguhRTw9NmIPXhzk21YFBqXHT2t+6C6wPOgQ50fcFVWnPdetmRqbmySRHznrYjX2E47u0cGlKGcxKZJ38R/g==",
			"requires": {
				"@vue/compiler-dom": "3.2.39",
				"@vue/compiler-sfc": "3.2.39",
				"@vue/runtime-dom": "3.2.39",
				"@vue/server-renderer": "3.2.39",
				"@vue/shared": "3.2.39"
			}
		},
		"vueuc": {
			"version": "0.4.48",
			"resolved": "https://registry.npmmirror.com/vueuc/-/vueuc-0.4.48.tgz",
			"integrity": "sha512-dQTBLxCzfaPuzD3c4/dIxAULtnyY+xwdotCRFUDgf0DJiwuR3tI+txJ9K8uJKmaHwc1JDUVqhRAj9Jd/pvInWg==",
			"dev": true,
			"requires": {
				"@css-render/vue3-ssr": "^0.15.10",
				"@juggle/resize-observer": "^3.3.1",
				"css-render": "^0.15.10",
				"evtd": "^0.2.4",
				"seemly": "^0.3.6",
				"vdirs": "^0.1.4",
				"vooks": "^0.2.4"
			},
			"dependencies": {
				"@types/node": {
					"version": "17.0.45",
					"resolved": "https://registry.npmmirror.com/@types/node/-/node-17.0.45.tgz",
					"integrity": "sha512-w+tIMs3rq2afQdsPJlODhoUEKzFP1ayaoyl1CcnwtIlsVe7K7bA1NGm4s3PraqTLlXnbIN84zuBlxBWo1u9BLw==",
					"dev": true
				},
				"css-render": {
					"version": "0.15.11",
					"resolved": "https://registry.npmmirror.com/css-render/-/css-render-0.15.11.tgz",
					"integrity": "sha512-hnLrHPUndVUTF5nmNPRey6hpixK02IPUGdEsm2xRjvJuewToyrVFx9Nmai8rgfVzhTFo5SJVh2PHAtzaIV8JKw==",
					"dev": true,
					"requires": {
						"@emotion/hash": "~0.8.0",
						"@types/node": "~17.0.5",
						"csstype": "~3.0.5"
					}
				},
				"csstype": {
					"version": "3.0.11",
					"resolved": "https://registry.npmmirror.com/csstype/-/csstype-3.0.11.tgz",
					"integrity": "sha512-sa6P2wJ+CAbgyy4KFssIb/JNMLxFvKF1pCYCSXS8ZMuqZnMsrxqI2E5sPyoTpxoPU/gVZMzr2zjOfg8GIZOMsw==",
					"dev": true
				}
			}
		},
		"w3c-keyname": {
			"version": "2.2.6",
			"resolved": "https://registry.npmmirror.com/w3c-keyname/-/w3c-keyname-2.2.6.tgz",
			"integrity": "sha512-f+fciywl1SJEniZHD6H+kUO8gOnwIr7f4ijKA6+ZvJFjeGi1r4PDLl53Ayud9O/rk64RqgoQine0feoeOU0kXg=="
		},
		"yallist": {
			"version": "4.0.0",
			"resolved": "https://registry.npmmirror.com/yallist/-/yallist-4.0.0.tgz",
			"integrity": "sha512-3wdGidZyq5PB084XLES5TpOSRA3wjXAlIWMhum2kRcv/41Sn2emQ0dycQW4uZXLejwKvg6EsvbdlVL+FYEct7A==",
			"dev": true
		}
	}
}
